
Microsoft Visual Studio Solution File, Format Version 12.00
# Visual Studio Version 17
VisualStudioVersion = 17.9.34728.123
MinimumVisualStudioVersion = 10.0.40219.1
Project("{FAE04EC0-301F-11D3-BF4B-00C04F79EFBC}") = "MY.EDocumentArchive.Presentation", "MY.EDocumentArchive.Presentation\MY.EDocumentArchive.Presentation.csproj", "{8C12E861-3F59-43D5-832A-EE8310A2DACC}"
EndProject
Project("{FAE04EC0-301F-11D3-BF4B-00C04F79EFBC}") = "MY.EDocumentArchive.BusinessLogic", "MY.EDocumentArchive.BusinessLogic\MY.EDocumentArchive.BusinessLogic.csproj", "{BF24DFD9-7DC7-410B-9997-2C351AB6CE29}"
EndProject
Project("{FAE04EC0-301F-11D3-BF4B-00C04F79EFBC}") = "MY.EDocumentArchive.Utility", "MY.EDocumentArchive.Utility\MY.EDocumentArchive.Utility.csproj", "{E112F006-882F-4B95-AB40-3E654C90669F}"
EndProject
Project("{FAE04EC0-301F-11D3-BF4B-00C04F79EFBC}") = "MY.EDocumentArchive.Model", "MY.EDocumentArchive.Model\MY.EDocumentArchive.Model.csproj", "{6767B5CD-6A81-4723-93FE-C655283BB118}"
EndProject
Global
	GlobalSection(SolutionConfigurationPlatforms) = preSolution
		Debug|Any CPU = Debug|Any CPU
		Release|Any CPU = Release|Any CPU
	EndGlobalSection
	GlobalSection(ProjectConfigurationPlatforms) = postSolution
		{8C12E861-3F59-43D5-832A-EE8310A2DACC}.Debug|Any CPU.ActiveCfg = Debug|Any CPU
		{8C12E861-3F59-43D5-832A-EE8310A2DACC}.Debug|Any CPU.Build.0 = Debug|Any CPU
		{8C12E861-3F59-43D5-832A-EE8310A2DACC}.Release|Any CPU.ActiveCfg = Release|Any CPU
		{8C12E861-3F59-43D5-832A-EE8310A2DACC}.Release|Any CPU.Build.0 = Release|Any CPU
		{BF24DFD9-7DC7-410B-9997-2C351AB6CE29}.Debug|Any CPU.ActiveCfg = Debug|Any CPU
		{BF24DFD9-7DC7-410B-9997-2C351AB6CE29}.Debug|Any CPU.Build.0 = Debug|Any CPU
		{BF24DFD9-7DC7-410B-9997-2C351AB6CE29}.Release|Any CPU.ActiveCfg = Release|Any CPU
		{BF24DFD9-7DC7-410B-9997-2C351AB6CE29}.Release|Any CPU.Build.0 = Release|Any CPU
		{E112F006-882F-4B95-AB40-3E654C90669F}.Debug|Any CPU.ActiveCfg = Debug|Any CPU
		{E112F006-882F-4B95-AB40-3E654C90669F}.Debug|Any CPU.Build.0 = Debug|Any CPU
		{E112F006-882F-4B95-AB40-3E654C90669F}.Release|Any CPU.ActiveCfg = Release|Any CPU
		{E112F006-882F-4B95-AB40-3E654C90669F}.Release|Any CPU.Build.0 = Release|Any CPU
		{6767B5CD-6A81-4723-93FE-C655283BB118}.Debug|Any CPU.ActiveCfg = Debug|Any CPU
		{6767B5CD-6A81-4723-93FE-C655283BB118}.Debug|Any CPU.Build.0 = Debug|Any CPU
		{6767B5CD-6A81-4723-93FE-C655283BB118}.Release|Any CPU.ActiveCfg = Release|Any CPU
		{6767B5CD-6A81-4723-93FE-C655283BB118}.Release|Any CPU.Build.0 = Release|Any CPU
	EndGlobalSection
	GlobalSection(SolutionProperties) = preSolution
		HideSolutionNode = FALSE
	EndGlobalSection
	GlobalSection(ExtensibilityGlobals) = postSolution
		SolutionGuid = {B5855791-4424-4397-85B6-CAD58ECF7545}
	EndGlobalSection
EndGlobal
